Microsoft Visual Studio Solution File, Format Version 11.00
# Visual Studio 2008

Project("{1FAD3CB2-6FA0-2DD1-DBFF-BAA653A5DC91}") = "platformerproject", "Assembly-CSharp-firstpass.csproj", "{7FB65361-E958-385D-C301-B667C3FE4AF5}"
EndProject
Project("{1FAD3CB2-6FA0-2DD1-DBFF-BAA653A5DC91}") = "platformerproject", "Assembly-CSharp.csproj", "{440947BB-E89D-6F95-74CC-F61BF122E10A}"
EndProject
Project("{1FAD3CB2-6FA0-2DD1-DBFF-BAA653A5DC91}") = "platformerproject", "Assembly-CSharp-Editor.csproj", "{FA6129F8-F107-3F53-778A-C4FC6F21E8AE}"
EndProject
Project("{1FAD3CB2-6FA0-2DD1-DBFF-BAA653A5DC91}") = "platformerproject", "Assembly-UnityScript-firstpass.unityproj", "{F5A88A49-1B02-66AF-E7D2-78EE308B9EC4}"
EndProject
Project("{1FAD3CB2-6FA0-2DD1-DBFF-BAA653A5DC91}") = "platformerproject", "Assembly-UnityScript.unityproj", "{5DE0A3E6-4687-7717-9D11-246400EC0169}"
EndProject
Project("{1FAD3CB2-6FA0-2DD1-DBFF-BAA653A5DC91}") = "platformerproject", "Assembly-UnityScript-Editor.unityproj", "{3AF06E5F-78B6-57BD-C750-6915C08031CD}"
EndProject
Global
	GlobalSection(SolutionConfigurationPlatforms) = preSolution
		Debug|Any CPU = Debug|Any CPU
		Release|Any CPU = Release|Any CPU
	EndGlobalSection
	GlobalSection(ProjectConfigurationPlatforms) = postSolution
		{7FB65361-E958-385D-C301-B667C3FE4AF5}.Debug|Any CPU.ActiveCfg = Debug|Any CPU
		{7FB65361-E958-385D-C301-B667C3FE4AF5}.Debug|Any CPU.Build.0 = Debug|Any CPU
		{7FB65361-E958-385D-C301-B667C3FE4AF5}.Release|Any CPU.ActiveCfg = Release|Any CPU
		{7FB65361-E958-385D-C301-B667C3FE4AF5}.Release|Any CPU.Build.0 = Release|Any CPU
		{440947BB-E89D-6F95-74CC-F61BF122E10A}.Debug|Any CPU.ActiveCfg = Debug|Any CPU
		{440947BB-E89D-6F95-74CC-F61BF122E10A}.Debug|Any CPU.Build.0 = Debug|Any CPU
		{440947BB-E89D-6F95-74CC-F61BF122E10A}.Release|Any CPU.ActiveCfg = Release|Any CPU
		{440947BB-E89D-6F95-74CC-F61BF122E10A}.Release|Any CPU.Build.0 = Release|Any CPU
		{FA6129F8-F107-3F53-778A-C4FC6F21E8AE}.Debug|Any CPU.ActiveCfg = Debug|Any CPU
		{FA6129F8-F107-3F53-778A-C4FC6F21E8AE}.Debug|Any CPU.Build.0 = Debug|Any CPU
		{FA6129F8-F107-3F53-778A-C4FC6F21E8AE}.Release|Any CPU.ActiveCfg = Release|Any CPU
		{FA6129F8-F107-3F53-778A-C4FC6F21E8AE}.Release|Any CPU.Build.0 = Release|Any CPU
		{F5A88A49-1B02-66AF-E7D2-78EE308B9EC4}.Debug|Any CPU.ActiveCfg = Debug|Any CPU
		{F5A88A49-1B02-66AF-E7D2-78EE308B9EC4}.Debug|Any CPU.Build.0 = Debug|Any CPU
		{F5A88A49-1B02-66AF-E7D2-78EE308B9EC4}.Release|Any CPU.ActiveCfg = Release|Any CPU
		{F5A88A49-1B02-66AF-E7D2-78EE308B9EC4}.Release|Any CPU.Build.0 = Release|Any CPU
		{5DE0A3E6-4687-7717-9D11-246400EC0169}.Debug|Any CPU.ActiveCfg = Debug|Any CPU
		{5DE0A3E6-4687-7717-9D11-246400EC0169}.Debug|Any CPU.Build.0 = Debug|Any CPU
		{5DE0A3E6-4687-7717-9D11-246400EC0169}.Release|Any CPU.ActiveCfg = Release|Any CPU
		{5DE0A3E6-4687-7717-9D11-246400EC0169}.Release|Any CPU.Build.0 = Release|Any CPU
		{3AF06E5F-78B6-57BD-C750-6915C08031CD}.Debug|Any CPU.ActiveCfg = Debug|Any CPU
		{3AF06E5F-78B6-57BD-C750-6915C08031CD}.Debug|Any CPU.Build.0 = Debug|Any CPU
		{3AF06E5F-78B6-57BD-C750-6915C08031CD}.Release|Any CPU.ActiveCfg = Release|Any CPU
		{3AF06E5F-78B6-57BD-C750-6915C08031CD}.Release|Any CPU.Build.0 = Release|Any CPU
	EndGlobalSection
	GlobalSection(SolutionProperties) = preSolution
		HideSolutionNode = FALSE
	EndGlobalSection
	GlobalSection(MonoDevelopProperties) = preSolution
		StartupItem = Assembly-CSharp.csproj
		Policies = $0
		$0.TextStylePolicy = $1
		$1.inheritsSet = null
		$1.scope = text/x-csharp
		$0.CSharpFormattingPolicy = $2
		$2.inheritsSet = Mono
		$2.inheritsScope = text/x-csharp
		$2.scope = text/x-csharp
		$0.TextStylePolicy = $3
		$3.FileWidth = 120
		$3.TabWidth = 4
		$3.EolMarker = Unix
		$3.inheritsSet = Mono
		$3.inheritsScope = text/plain
		$3.scope = text/plain
	EndGlobalSection
EndGlobal
